Microsoft Visual Studio Solution File, Format Version 11.00
# Visual Studio 2008

Project("{F4F2A295-306A-4F44-EEFA-7B5EE8BA5344}") = "AVC_CardGame", "Assembly-CSharp.csproj", "{AF46694F-7FB9-12D6-9015-B2629A0DF59B}"
EndProject
Global
	GlobalSection(SolutionConfigurationPlatforms) = preSolution
		Debug|Any CPU = Debug|Any CPU
		Release|Any CPU = Release|Any CPU
	EndGlobalSection
	GlobalSection(ProjectConfigurationPlatforms) = postSolution
		{AF46694F-7FB9-12D6-9015-B2629A0DF59B}.Debug|Any CPU.ActiveCfg = Debug|Any CPU
		{AF46694F-7FB9-12D6-9015-B2629A0DF59B}.Debug|Any CPU.Build.0 = Debug|Any CPU
		{AF46694F-7FB9-12D6-9015-B2629A0DF59B}.Release|Any CPU.ActiveCfg = Release|Any CPU
		{AF46694F-7FB9-12D6-9015-B2629A0DF59B}.Release|Any CPU.Build.0 = Release|Any CPU
	EndGlobalSection
	GlobalSection(SolutionProperties) = preSolution
		HideSolutionNode = FALSE
	EndGlobalSection
	GlobalSection(MonoDevelopProperties) = preSolution
		StartupItem = Assembly-CSharp.csproj
	EndGlobalSection
EndGlobal
